version: 1
files:
  src/locales/en.json:
    adminsSection.kanban.title: 39b32dd45982038aa5704ca2728334ee
    adminsSection.kanban.description: 92df4b070cf883722638f7de7ba34038
    adminsSection.kanban.columns.notStarted: 10db56f8b10dc989c43fbe33202e5339
    adminsSection.kanban.columns.inProgress: c9413dd7682a45da9ecc9efa8cea47d7
    adminsSection.kanban.columns.done: f92965e2c8a7afb3c1b9a5c09a263636
    adminsSection.products.title: 068f80c7519d0528fb08e82137a72131
    adminsSection.products.description: 0cb39c5bd95b0da88ae4ee23ca8f82c5
    adminsSection.products.table.search: 7eee3887b2ec835fe69a27802be1d44f
    adminsSection.products.table.image: be53a0541a6d36f6ecb879fa2c584b08
    adminsSection.products.table.name: 49ee3087348e8d44e1feda1917443987
    adminsSection.products.table.type: a1fa27779242b4902f7ae3bdd5c6d508
    adminsSection.products.table.progressLevel: a2d56a5b73c510ce56b99c2c671175c3
    adminsSection.products.table.systemCode: 5e860fbc0633d2694a94a521d623fef8
    adminsSection.products.product.assignedSeamstresses: 2937bcfbabdcfd36154ae59ba924c0ce
    adminsSection.products.product.productDetails: b8900d8adf598b6653bb8c071bc49a1d
    adminsSection.products.product.progressUpdates: 5aab079a0cecc77f083533c5339ce55e
    adminsSection.products.product.systemCode: 5e860fbc0633d2694a94a521d623fef8
    adminsSection.products.product.validated: 5364259abab90e94890f2ed2481b9824
    adminsSection.products.product.unitsAssigned: 00c256c88a101bc01e9676d149c605a5
    adminsSection.products.product.unitsCompleted: 6568b4e6a853aa2683789a272f4e948a
    adminsSection.products.product.images.productImage: 3c38027cd61ce6345509574bc269f54c
    adminsSection.products.product.images.noImagesAvailable: 0db5b7f91d78cab06983ce9f5446baba
    adminsSection.products.product.seamstresses.noSeamstressesAssigned: 798fd554cecaa96aa4c3ff3ea37354d1
    adminsSection.products.product.seamstresses.assignSeamstressForm.title: 097e0c8fe6e69553b90c6101139a09c8
    adminsSection.products.product.seamstresses.assignSeamstressForm.seamstress.label: eff328e6d76c7741ea2a4d3fe183b1e7
    adminsSection.products.product.seamstresses.assignSeamstressForm.seamstress.placeholder: 6d51f7902743be8c34aa68e8d2bc4aa6
    adminsSection.products.product.seamstresses.assignSeamstressForm.units.label: e5771a362d88a71a657bfcd21ca54b3f
    adminsSection.products.product.seamstresses.assignSeamstressForm.description.label: b5a7adde1af5c87d7fd797b6245c2a39
    adminsSection.products.product.seamstresses.assignSeamstressForm.description.placeholder: c95b359ee1aeee5b8f3b7a912a1175f7
    adminsSection.products.product.seamstresses.sendWhatsappMessage.title: 88c0352defd5a0598f3fdd650d8a309f
    adminsSection.products.product.seamstresses.sendWhatsappMessage.seamstress.label: eff328e6d76c7741ea2a4d3fe183b1e7
    adminsSection.products.product.seamstresses.sendWhatsappMessage.seamstress.placeholder: 6d51f7902743be8c34aa68e8d2bc4aa6
    adminsSection.products.product.seamstresses.sendWhatsappMessage.message.label: 4c2a8fe7eaf24721cc7a9f0175115bd4
    adminsSection.products.product.seamstresses.sendWhatsappMessage.message.placeholder: 3eb7539aabd8bbf023cc6a537bb7d154
    adminsSection.products.product.details.description: b5a7adde1af5c87d7fd797b6245c2a39
    adminsSection.products.product.details.importantInformation: e89802a186e0e9ab926718844e2495a8
    adminsSection.products.product.details.dimensions: f4843c1c797abf1a256c8802b6cd9f51
    adminsSection.products.product.details.packagingMaterials: 6ba3774c150562892ebdf26b4df263f3
    adminsSection.products.product.details.rawMaterials: 84a63dd706b562a4a7d4101b7309e8bb
    adminsSection.products.product.details.technicalSheet: 1fd598f44c8f21357f24b6b93c9000ef
    adminsSection.products.product.details.systemCode: 5e860fbc0633d2694a94a521d623fef8
    adminsSection.products.product.details.inmetroCertNumber: 70c1f7d0995d297fbcb6ccca42d5a520
    adminsSection.products.product.details.barcode: b93eaef026c32ad9b73e53ba24a5875e
    adminsSection.products.product.details.width: 32954654ac8fe66a1d09be19001de2d4
    adminsSection.products.product.details.height: eec6c4bdbd339edf8cbea68becb85244
    adminsSection.products.product.details.weight: 8c489d0946f66d17d73f26366a4bf620
    adminsSection.products.product.progress.unitsCompleted: bed969379f7f9f32d6ca110e38e5f903
    adminsSection.products.product.progress.noProgressUpdatesYet: d92986bc3aa97a52c8f36566e4e4268a
    adminsSection.seamstresses.title: 9e91116c7f0918c4c3e50e73f6dba966
    adminsSection.seamstresses.description: 017e755c8a3fe072212624e99dd3c7c5
    adminsSection.seamstresses.seamstress.products: 068f80c7519d0528fb08e82137a72131
    adminsSection.seamstresses.seamstress.overallProgress: e9d52e029c46fd088e81503b4d0cc142
    adminsSection.seamstresses.seamstress.assignedProducts: bdcd42605de0e27f3328921e68afb228
    adminsSection.seamstresses.seamstress.productCard.systemCode: 5e860fbc0633d2694a94a521d623fef8
    adminsSection.seamstresses.seamstress.productCard.validated: 5364259abab90e94890f2ed2481b9824
    adminsSection.seamstresses.seamstress.productCard.unitsAssigned: 00c256c88a101bc01e9676d149c605a5
    adminsSection.seamstresses.seamstress.productCard.unitsCompleted: 6568b4e6a853aa2683789a272f4e948a
    adminsSection.seamstresses.seamstress.productCard.progressUpdates: 5aab079a0cecc77f083533c5339ce55e
    adminsSection.seamstresses.seamstress.productCard.noProgressUpdates: d92986bc3aa97a52c8f36566e4e4268a
    adminsSection.wellness.title: 32a07c6643e39bb3fe494292db9ae233
    adminsSection.wellness.description: 64557e78e30093b081efd0b6187965e6
    adminsSection.settings.title: f4f70727dc34561dfde1a3c529b6205c
    adminsSection.settings.description: 5a398c73304f6e071c91a65c1f0bffb5
    adminsSection.settings.form.fullName: 630058029627ce58e7571e7a5b6ec591
    adminsSection.settings.form.email: ce8ae9da5b7cd6c3df2929543a9af92d
    adminsSection.settings.form.language.label: 4994a8ffeba4ac3140beb89e8d41f174
    adminsSection.settings.form.language.placeholder: 653777801f96237326d65205bc9129e3
    adminsSection.settings.form.language.options.en: 78463a384a5aa4fad5fa73e2f506ecfc
    adminsSection.settings.form.language.options.pt: 30e32c7c4cf434e9c75e60c14c442541
    seamstressesSection.education.title: de7a22a0c94aa64ba2449e520aa20c99
    seamstressesSection.education.description: c68038d5f3a86305e61a8540dd3566ed
    seamstressesSection.progress.title: 46b5f8c58b679b4243cbdb5749642c86
    seamstressesSection.progress.description: 9a3726aff88e05aac4be49ce1914204d
    seamstressesSection.progress.form.imageUrls.label: 2d86f08131f3d90b0a711f186aa49eb6
    seamstressesSection.progress.form.imageUrls.placeholder: f6e537b72ebaf5c98fb3889784e811bc
    seamstressesSection.progress.form.imageUrls.description: c279b7041c40ddf37780e12498fb4af8
    seamstressesSection.progress.form.product.label: deb10517653c255364175796ace3553f
    seamstressesSection.progress.form.product.placeholder: fa0e92ab3c39a4fbdf81351af8d377ef
    seamstressesSection.progress.form.product.description: 5957ab6333a07ef7dae10b92258fd0bc
    seamstressesSection.progress.form.description.label: b5a7adde1af5c87d7fd797b6245c2a39
    seamstressesSection.progress.form.description.placeholder: c95b359ee1aeee5b8f3b7a912a1175f7
    seamstressesSection.progress.form.description.description: 3fc98841ded4efe40986c9d012f59fb7
    seamstressesSection.progress.form.emotion.label: a3eb8a5dcb868ee364e137eecac63ead
    seamstressesSection.progress.form.emotion.placeholder: 966d2873ee69a6dbcf057eb7d77122f3
    seamstressesSection.progress.form.emotion.description: c984cdec4213afbb71e8f9f89f16bfd5
    seamstressesSection.progress.form.unitsCompleted.label: 033bbb4627539259b47ae8955a43e642
    seamstressesSection.progress.form.unitsCompleted.placeholder: 0a0c1d1686cd41dfa8f008e891794f1f
    seamstressesSection.progress.form.unitsCompleted.description: 5356397f46a41fc36c14bf4294bdabc9
    general.navigation.dashboard: 2938c7f7e560ed972f8a4f68e80ff834
    general.sidebar.stitcha: f9ee2cd9eaac0a97b0d1c741c585e52b
    general.sidebar.admins.label: c1ec1d62eafad32ca16fe4df49b9ca2f
    general.sidebar.admins.kanban: 39b32dd45982038aa5704ca2728334ee
    general.sidebar.admins.products: 068f80c7519d0528fb08e82137a72131
    general.sidebar.admins.seamstresses: 9e91116c7f0918c4c3e50e73f6dba966
    general.sidebar.admins.wellness: 32a07c6643e39bb3fe494292db9ae233
    general.sidebar.seamstresses.label: 9e91116c7f0918c4c3e50e73f6dba966
    general.sidebar.seamstresses.products: 068f80c7519d0528fb08e82137a72131
    general.sidebar.seamstresses.progress: 46b5f8c58b679b4243cbdb5749642c86
    general.sidebar.seamstresses.education: de7a22a0c94aa64ba2449e520aa20c99
    general.sidebar.general.label: 0db377921f4ce762c62526131097968f
    general.sidebar.general.settings: f4f70727dc34561dfde1a3c529b6205c
    general.table.filter.new: 03c2e7e41ffc181a4e84080b4710e81e
    general.table.header.asc: e8338cca05b6a68b1b516f4f0d6b0a0f
    general.table.header.desc: 5fc8b9a31666e95fddf7fdc19ba6070c
    general.table.header.hide: 62a5e490880a92eef74f167d9dc6dca0
    general.table.body.edit: 7dce122004969d56ae2e0245cb754d35
    general.table.body.delete: f2a6c498fb90ee345d997f888fce3b18
    general.table.body.noResults: 3b8769d187c6c3306c50729bc43a9903
    general.table.pagination.rowsSelected: 4155ae997447db2f8fe3af8d9adbfc6a
    general.table.pagination.rowsPerPage: 3995e76cfbc85dea7472c8a1aa627244
    general.table.pagination.pageCount: cafffb04cf38c1e77883885eea0cf7f2
    general.table.pagination.goToFirstPage: e987e3128b4e18b03c5a22b0b0e9167a
    general.table.pagination.goToPreviousPage: bbaeea4b59d37bd6e0927044f9a00047
    general.table.pagination.goToNextPage: 406b6936d95a8acd48be844ec706e22c
    general.table.pagination.goToLastPage: 261e818736ac3798b888949dd433e318
    general.form.imagePicker.chooseImages: 66874cdbcf39fa9d8099faef5927acc0
    general.form.imagePicker.image: 78805a221a988e79ef3f42d7c5bfd418
    general.form.imagePicker.images: 59b514174bffe4ae402b3d63aad79fe0
    general.form.imagePicker.selected: ef7de3f485174ff47f061ad27d83d0ee
    general.form.imagePicker.noImagesSelected: f789b5e145fb23fb9e32ba1dc67d4bc0
    general.form.imagePicker.remove: 1063e38cb53d94d386f21227fcd84717
    general.form.submit: a4d3b161ce1309df1c4e25df28694b7b
    general.time.minutes: 1442a7b6e2c20b27775175eecba84dac
    general.notifications.productsLoading.error.title: e0850a34e981ba1447ef25d59d929de4
    general.notifications.productsLoading.error.description: d7cd82a5d0d6075a5e57d9d6c95e846b
    general.notifications.progressUploaded.success.title: a789440f660321572ca5461a85617851
    general.notifications.progressUploaded.success.description: 80eb4efb891a03f2b452298a0470b9bd
    general.notifications.progressUploaded.error.title: 97c2996efb09e26de91647becab290fe
    general.notifications.progressUploaded.error.description: 691651e563a17253adf16255326b59af
    general.notifications.productStatusUpdated.success.title: 05501ec7a6b1efced6b9f4371d0c023e
    general.notifications.productStatusUpdated.success.description: 5a18957c38d158bfea3ad163f7354720
    general.notifications.productStatusUpdated.error.title: a803b0003dbd984e00bb5a5561b2bce8
    general.notifications.productStatusUpdated.error.description: 58dc6ffbea2aed2d93d7576f6201f7bc
    general.notifications.productDeleted.success.title: 40420d6a44fe1b80ad6cb673c73323eb
    general.notifications.productDeleted.success.description: 1c82c8a8b0a0e20ab50c66db1f83fb18
    general.notifications.productDeleted.error.title: d49b49db1898cd5881a5da49c62244db
    general.notifications.productDeleted.error.description: 5dfe9e6b4cd28e5adcca1425e4772946
    general.notifications.languageChanged.success.title: 3d37179cdc5057a3e15be8b161522ff1
    general.notifications.languageChanged.success.description: 4a73fe6e717e2534861eb70af646f419
    general.notifications.languageChanged.error.title: a782d5415f0d23cfea14f499eb570a47
    general.notifications.languageChanged.error.description: 0d44ba592d4e82ef56871ad75fa46c4b
    general.notifications.seamstressLoading.error.title: d7165f0c80bce8a4b9006dfd84cb5541
    general.notifications.seamstressLoading.error.description: 2bcbf60b2155f11c5449caab302197c8
    general.notifications.seamstressAssigned.success.title: a8f20e707b39a21e92e6136b2bafd03b
    general.notifications.seamstressAssigned.success.description: 3e0a019571d9fd97d63bb518bd1f2e85
    general.notifications.seamstressAssigned.error.title: c03eb38a483bbf1d7417549c1326dc2e
    general.notifications.seamstressAssigned.error.description: 4b1b2506eba06ad0f660b1a7cd33a15d
