version: 1
files:
  src/locales/en.json:
    kanban.title: 39b32dd45982038aa5704ca2728334ee
    kanban.description: 92df4b070cf883722638f7de7ba34038
    kanban.columns.notStarted: 10db56f8b10dc989c43fbe33202e5339
    kanban.columns.inProgress: c9413dd7682a45da9ecc9efa8cea47d7
    kanban.columns.done: f92965e2c8a7afb3c1b9a5c09a263636
    kanban.notifications.productStatusUpdated.success.title: 05501ec7a6b1efced6b9f4371d0c023e
    kanban.notifications.productStatusUpdated.success.description: 5a18957c38d158bfea3ad163f7354720
    kanban.notifications.productStatusUpdated.error.title: a803b0003dbd984e00bb5a5561b2bce8
    kanban.notifications.productStatusUpdated.error.description: 58dc6ffbea2aed2d93d7576f6201f7bc
    kanban.notifications.productDeleted.success.title: 40420d6a44fe1b80ad6cb673c73323eb
    kanban.notifications.productDeleted.success.description: 1c82c8a8b0a0e20ab50c66db1f83fb18
    kanban.notifications.productDeleted.error.title: d49b49db1898cd5881a5da49c62244db
    kanban.notifications.productDeleted.error.description: 5dfe9e6b4cd28e5adcca1425e4772946
    products.title: 068f80c7519d0528fb08e82137a72131
    products.description: 0cb39c5bd95b0da88ae4ee23ca8f82c5
    products.search: 7eee3887b2ec835fe69a27802be1d44f
    products.table.image: be53a0541a6d36f6ecb879fa2c584b08
    products.table.name: 49ee3087348e8d44e1feda1917443987
    products.table.type: a1fa27779242b4902f7ae3bdd5c6d508
    products.table.systemCode: 5e860fbc0633d2694a94a521d623fef8
    products.table.noResults: e576c23d915755d83e2d1f47bd9f6c22
    products.table.edit: 7dce122004969d56ae2e0245cb754d35
    products.table.delete: f2a6c498fb90ee345d997f888fce3b18
    product.assignedSeamstresses: 2937bcfbabdcfd36154ae59ba924c0ce
    product.productDetails: b8900d8adf598b6653bb8c071bc49a1d
    product.progressUpdates: 5aab079a0cecc77f083533c5339ce55e
    product.systemCode: 5e860fbc0633d2694a94a521d623fef8
    product.validated: 5364259abab90e94890f2ed2481b9824
    product.unitsAssigned: 00c256c88a101bc01e9676d149c605a5
    product.unitsCompleted: 6568b4e6a853aa2683789a272f4e948a
    product.details.description: b5a7adde1af5c87d7fd797b6245c2a39
    product.details.importantInformation: e89802a186e0e9ab926718844e2495a8
    product.details.dimensions: f4843c1c797abf1a256c8802b6cd9f51
    product.details.technicalSheet: 1fd598f44c8f21357f24b6b93c9000ef
    product.details.systemCode: 5e860fbc0633d2694a94a521d623fef8
    product.details.inmetroCertNumber: 70c1f7d0995d297fbcb6ccca42d5a520
    product.details.barcode: b93eaef026c32ad9b73e53ba24a5875e
    product.details.width: 32954654ac8fe66a1d09be19001de2d4
    product.details.height: eec6c4bdbd339edf8cbea68becb85244
    product.details.weight: 8c489d0946f66d17d73f26366a4bf620
    product.images.productImage: 3c38027cd61ce6345509574bc269f54c
    product.images.noImagesAvailable: 0db5b7f91d78cab06983ce9f5446baba
    product.progress.noProgressUpdatesYet: d92986bc3aa97a52c8f36566e4e4268a
    product.seamstresses.assignSeamstressForm.title: 097e0c8fe6e69553b90c6101139a09c8
    product.seamstresses.assignSeamstressForm.seamstress.label: eff328e6d76c7741ea2a4d3fe183b1e7
    product.seamstresses.assignSeamstressForm.seamstress.placeholder: 6d51f7902743be8c34aa68e8d2bc4aa6
    product.seamstresses.assignSeamstressForm.units.label: e5771a362d88a71a657bfcd21ca54b3f
    product.seamstresses.assignSeamstressForm.description.label: b5a7adde1af5c87d7fd797b6245c2a39
    product.seamstresses.assignSeamstressForm.description.placeholder: c95b359ee1aeee5b8f3b7a912a1175f7
    product.seamstresses.assignSeamstressForm.submit: a4d3b161ce1309df1c4e25df28694b7b
    product.seamstresses.sendWhatsappMessage: 88c0352defd5a0598f3fdd650d8a309f
    product.seamstresses.noSeamstressesAssigned: 798fd554cecaa96aa4c3ff3ea37354d1
    product.seamstresses.notificiation.seamstressAssigned.success.title: a8f20e707b39a21e92e6136b2bafd03b
    product.seamstresses.notificiation.seamstressAssigned.success.description: 3e0a019571d9fd97d63bb518bd1f2e85
    product.seamstresses.notificiation.seamstressAssigned.error.title: c03eb38a483bbf1d7417549c1326dc2e
    product.seamstresses.notificiation.seamstressAssigned.error.description: 4b1b2506eba06ad0f660b1a7cd33a15d
    seamstresses.title: 9e91116c7f0918c4c3e50e73f6dba966
    seamstresses.description: 017e755c8a3fe072212624e99dd3c7c5
    seamstresses.products: 068f80c7519d0528fb08e82137a72131
    seamstress.overallProgress: e9d52e029c46fd088e81503b4d0cc142
    seamstress.assignedProducts: bdcd42605de0e27f3328921e68afb228
    seamstress.productCard.progressUpdates: 5aab079a0cecc77f083533c5339ce55e
    seamstress.productCard.noProgressUpdates: d92986bc3aa97a52c8f36566e4e4268a
    settings.title: f4f70727dc34561dfde1a3c529b6205c
    settings.description: 5a398c73304f6e071c91a65c1f0bffb5
    settings.form.fullName: 630058029627ce58e7571e7a5b6ec591
    settings.form.email: ce8ae9da5b7cd6c3df2929543a9af92d
    settings.form.language.title: 4994a8ffeba4ac3140beb89e8d41f174
    settings.form.language.placeholder: 653777801f96237326d65205bc9129e3
    settings.form.language.options.en: 78463a384a5aa4fad5fa73e2f506ecfc
    settings.form.language.options.pt: 30e32c7c4cf434e9c75e60c14c442541
    settings.form.save: c9cc8cce247e49bae79f15173ce97354
    settings.notifications.languageChanged.success.title: 3d37179cdc5057a3e15be8b161522ff1
    settings.notifications.languageChanged.success.description: 4a73fe6e717e2534861eb70af646f419
    settings.notifications.languageChanged.error.title: a782d5415f0d23cfea14f499eb570a47
    settings.notifications.languageChanged.error.description: 0d44ba592d4e82ef56871ad75fa46c4b
    navigation.dashboard: 2938c7f7e560ed972f8a4f68e80ff834
    sidebar.stitchaAi: 7f7ce1b6270deca4deee7f8497d754d5
    sidebar.kanban: 39b32dd45982038aa5704ca2728334ee
    sidebar.products: 068f80c7519d0528fb08e82137a72131
    sidebar.seamstresses: 9e91116c7f0918c4c3e50e73f6dba966
    sidebar.settings: f4f70727dc34561dfde1a3c529b6205c
    table.new: 03c2e7e41ffc181a4e84080b4710e81e
    table.noResults: 3b8769d187c6c3306c50729bc43a9903
    table.rowsSelected: 4155ae997447db2f8fe3af8d9adbfc6a
    table.rowsPerPage: 3995e76cfbc85dea7472c8a1aa627244
    table.pageCount: cafffb04cf38c1e77883885eea0cf7f2
    table.goToFirstPage: e987e3128b4e18b03c5a22b0b0e9167a
    table.goToPreviousPage: bbaeea4b59d37bd6e0927044f9a00047
    table.goToNextPage: 406b6936d95a8acd48be844ec706e22c
    table.goToLastPage: 261e818736ac3798b888949dd433e318
